
Microsoft Visual Studio Solution File, Format Version 12.00
# Visual Studio 15
VisualStudioVersion = 15.0.28307.421
MinimumVisualStudioVersion = 10.0.40219.1
Project("{FAE04EC0-301F-11D3-BF4B-00C04F79EFBC}") = "EasyHandleDevExProject", "EasyHandleDevExProject\EasyHandleDevExProject.csproj", "{AA4EA8C7-2124-4A88-8E5C-74F688776A86}"
EndProject
Project("{FAE04EC0-301F-11D3-BF4B-00C04F79EFBC}") = "EasyHandleDevExProject.Config", "EasyHandleDevExProject.Config\EasyHandleDevExProject.Config.csproj", "{5F46B762-373A-40D2-916D-F9245D3377F5}"
EndProject
Project("{2150E333-8FDC-42A3-9474-1A3956D46DE8}") = "Common", "Common", "{DA34FA3C-958A-416B-85CB-DB3F693368FF}"
EndProject
Project("{2150E333-8FDC-42A3-9474-1A3956D46DE8}") = "Module", "Module", "{5F486F36-C62F-4541-8023-72CB13ED4496}"
EndProject
Project("{2150E333-8FDC-42A3-9474-1A3956D46DE8}") = "CLM", "CLM", "{F5EE15F6-5304-443F-B5F8-19F076999853}"
EndProject
Project("{2150E333-8FDC-42A3-9474-1A3956D46DE8}") = "SAM", "SAM", "{1DDA6F5F-464C-4C74-AFE5-E8B0C56CF3C7}"
EndProject
Project("{2150E333-8FDC-42A3-9474-1A3956D46DE8}") = "SET", "SET", "{BB425DC1-06B0-4E62-BC73-EF92812589B3}"
EndProject
Project("{2150E333-8FDC-42A3-9474-1A3956D46DE8}") = "Sound", "Sound", "{2B7D2ECF-1FB8-481E-9992-72FF7A90F6AF}"
EndProject
Project("{FAE04EC0-301F-11D3-BF4B-00C04F79EFBC}") = "CLM", "CLM\CLM.csproj", "{A55F6BDC-7421-4D37-AC86-E824A1AD771B}"
EndProject
Project("{FAE04EC0-301F-11D3-BF4B-00C04F79EFBC}") = "SAM", "SAM\SAM.csproj", "{6A033419-79DA-4CAA-A87F-1B925219304E}"
EndProject
Project("{FAE04EC0-301F-11D3-BF4B-00C04F79EFBC}") = "SET", "SET\SET.csproj", "{37118437-8231-4EA5-89A3-9CE0FDEDCA10}"
EndProject
Project("{2150E333-8FDC-42A3-9474-1A3956D46DE8}") = "TEST", "TEST", "{611C89FA-D65F-4FEF-8337-C3F20096D6C3}"
EndProject
Project("{FAE04EC0-301F-11D3-BF4B-00C04F79EFBC}") = "TEST", "TEST\TEST.csproj", "{B95AEF3D-3AD4-43CE-AD79-A7375B006814}"
EndProject
Global
	GlobalSection(SolutionConfigurationPlatforms) = preSolution
		Debug|Any CPU = Debug|Any CPU
		Release|Any CPU = Release|Any CPU
	EndGlobalSection
	GlobalSection(ProjectConfigurationPlatforms) = postSolution
		{AA4EA8C7-2124-4A88-8E5C-74F688776A86}.Debug|Any CPU.ActiveCfg = Debug|Any CPU
		{AA4EA8C7-2124-4A88-8E5C-74F688776A86}.Debug|Any CPU.Build.0 = Debug|Any CPU
		{AA4EA8C7-2124-4A88-8E5C-74F688776A86}.Release|Any CPU.ActiveCfg = Release|Any CPU
		{AA4EA8C7-2124-4A88-8E5C-74F688776A86}.Release|Any CPU.Build.0 = Release|Any CPU
		{5F46B762-373A-40D2-916D-F9245D3377F5}.Debug|Any CPU.ActiveCfg = Debug|Any CPU
		{5F46B762-373A-40D2-916D-F9245D3377F5}.Debug|Any CPU.Build.0 = Debug|Any CPU
		{5F46B762-373A-40D2-916D-F9245D3377F5}.Release|Any CPU.ActiveCfg = Release|Any CPU
		{5F46B762-373A-40D2-916D-F9245D3377F5}.Release|Any CPU.Build.0 = Release|Any CPU
		{A55F6BDC-7421-4D37-AC86-E824A1AD771B}.Debug|Any CPU.ActiveCfg = Debug|Any CPU
		{A55F6BDC-7421-4D37-AC86-E824A1AD771B}.Debug|Any CPU.Build.0 = Debug|Any CPU
		{A55F6BDC-7421-4D37-AC86-E824A1AD771B}.Release|Any CPU.ActiveCfg = Release|Any CPU
		{A55F6BDC-7421-4D37-AC86-E824A1AD771B}.Release|Any CPU.Build.0 = Release|Any CPU
		{6A033419-79DA-4CAA-A87F-1B925219304E}.Debug|Any CPU.ActiveCfg = Debug|Any CPU
		{6A033419-79DA-4CAA-A87F-1B925219304E}.Debug|Any CPU.Build.0 = Debug|Any CPU
		{6A033419-79DA-4CAA-A87F-1B925219304E}.Release|Any CPU.ActiveCfg = Release|Any CPU
		{6A033419-79DA-4CAA-A87F-1B925219304E}.Release|Any CPU.Build.0 = Release|Any CPU
		{37118437-8231-4EA5-89A3-9CE0FDEDCA10}.Debug|Any CPU.ActiveCfg = Debug|Any CPU
		{37118437-8231-4EA5-89A3-9CE0FDEDCA10}.Debug|Any CPU.Build.0 = Debug|Any CPU
		{37118437-8231-4EA5-89A3-9CE0FDEDCA10}.Release|Any CPU.ActiveCfg = Release|Any CPU
		{37118437-8231-4EA5-89A3-9CE0FDEDCA10}.Release|Any CPU.Build.0 = Release|Any CPU
		{B95AEF3D-3AD4-43CE-AD79-A7375B006814}.Debug|Any CPU.ActiveCfg = Debug|Any CPU
		{B95AEF3D-3AD4-43CE-AD79-A7375B006814}.Debug|Any CPU.Build.0 = Debug|Any CPU
		{B95AEF3D-3AD4-43CE-AD79-A7375B006814}.Release|Any CPU.ActiveCfg = Release|Any CPU
		{B95AEF3D-3AD4-43CE-AD79-A7375B006814}.Release|Any CPU.Build.0 = Release|Any CPU
	EndGlobalSection
	GlobalSection(SolutionProperties) = preSolution
		HideSolutionNode = FALSE
	EndGlobalSection
	GlobalSection(NestedProjects) = preSolution
		{F5EE15F6-5304-443F-B5F8-19F076999853} = {5F486F36-C62F-4541-8023-72CB13ED4496}
		{1DDA6F5F-464C-4C74-AFE5-E8B0C56CF3C7} = {5F486F36-C62F-4541-8023-72CB13ED4496}
		{BB425DC1-06B0-4E62-BC73-EF92812589B3} = {5F486F36-C62F-4541-8023-72CB13ED4496}
		{2B7D2ECF-1FB8-481E-9992-72FF7A90F6AF} = {DA34FA3C-958A-416B-85CB-DB3F693368FF}
		{A55F6BDC-7421-4D37-AC86-E824A1AD771B} = {F5EE15F6-5304-443F-B5F8-19F076999853}
		{6A033419-79DA-4CAA-A87F-1B925219304E} = {1DDA6F5F-464C-4C74-AFE5-E8B0C56CF3C7}
		{37118437-8231-4EA5-89A3-9CE0FDEDCA10} = {BB425DC1-06B0-4E62-BC73-EF92812589B3}
		{611C89FA-D65F-4FEF-8337-C3F20096D6C3} = {5F486F36-C62F-4541-8023-72CB13ED4496}
		{B95AEF3D-3AD4-43CE-AD79-A7375B006814} = {611C89FA-D65F-4FEF-8337-C3F20096D6C3}
	EndGlobalSection
	GlobalSection(ExtensibilityGlobals) = postSolution
		SolutionGuid = {AAF5B4FE-1986-457C-ACF5-4E78D06D6316}
	EndGlobalSection
EndGlobal
