
Microsoft Visual Studio Solution File, Format Version 12.00
# Visual Studio 15
VisualStudioVersion = 15.0.28307.106
MinimumVisualStudioVersion = 10.0.40219.1
Project("{FAE04EC0-301F-11D3-BF4B-00C04F79EFBC}") = "HowToDevExpress0225", "HowToDevExpress0225\HowToDevExpress0225.csproj", "{191CDBDA-C640-40A8-883B-493FF3985CAC}"
EndProject
Project("{2150E333-8FDC-42A3-9474-1A3956D46DE8}") = "Module", "Module", "{44B81275-9640-4EFA-9C19-9BF725CD77A5}"
EndProject
Project("{2150E333-8FDC-42A3-9474-1A3956D46DE8}") = "Common", "Common", "{EE6EB9B0-FBA7-4121-8219-7BCEEB5539FD}"
EndProject
Project("{FAE04EC0-301F-11D3-BF4B-00C04F79EFBC}") = "HowToDevExpress0225.Common", "HowToDevExpress0225.Common\HowToDevExpress0225.Common.csproj", "{D591CBB0-4748-4331-9D9B-F7372D426054}"
EndProject
Global
	GlobalSection(SolutionConfigurationPlatforms) = preSolution
		Debug|Any CPU = Debug|Any CPU
		Release|Any CPU = Release|Any CPU
	EndGlobalSection
	GlobalSection(ProjectConfigurationPlatforms) = postSolution
		{191CDBDA-C640-40A8-883B-493FF3985CAC}.Debug|Any CPU.ActiveCfg = Debug|Any CPU
		{191CDBDA-C640-40A8-883B-493FF3985CAC}.Debug|Any CPU.Build.0 = Debug|Any CPU
		{191CDBDA-C640-40A8-883B-493FF3985CAC}.Release|Any CPU.ActiveCfg = Release|Any CPU
		{191CDBDA-C640-40A8-883B-493FF3985CAC}.Release|Any CPU.Build.0 = Release|Any CPU
		{D591CBB0-4748-4331-9D9B-F7372D426054}.Debug|Any CPU.ActiveCfg = Debug|Any CPU
		{D591CBB0-4748-4331-9D9B-F7372D426054}.Debug|Any CPU.Build.0 = Debug|Any CPU
		{D591CBB0-4748-4331-9D9B-F7372D426054}.Release|Any CPU.ActiveCfg = Release|Any CPU
		{D591CBB0-4748-4331-9D9B-F7372D426054}.Release|Any CPU.Build.0 = Release|Any CPU
	EndGlobalSection
	GlobalSection(SolutionProperties) = preSolution
		HideSolutionNode = FALSE
	EndGlobalSection
	GlobalSection(NestedProjects) = preSolution
		{D591CBB0-4748-4331-9D9B-F7372D426054} = {EE6EB9B0-FBA7-4121-8219-7BCEEB5539FD}
	EndGlobalSection
	GlobalSection(ExtensibilityGlobals) = postSolution
		SolutionGuid = {9FC2243E-2A43-46D1-8297-7BF03FB77ECC}
	EndGlobalSection
EndGlobal
