
Microsoft Visual Studio Solution File, Format Version 12.00
# Visual Studio 15
VisualStudioVersion = 15.0.28307.421
MinimumVisualStudioVersion = 10.0.40219.1
Project("{FAE04EC0-301F-11D3-BF4B-00C04F79EFBC}") = "Tutorial_0218", "Tutorial_0218\Tutorial_0218.csproj", "{9051D867-C7BF-418E-A83A-931544879B95}"
EndProject
Global
	GlobalSection(SolutionConfigurationPlatforms) = preSolution
		Debug|Any CPU = Debug|Any CPU
		Release|Any CPU = Release|Any CPU
	EndGlobalSection
	GlobalSection(ProjectConfigurationPlatforms) = postSolution
		{9051D867-C7BF-418E-A83A-931544879B95}.Debug|Any CPU.ActiveCfg = Debug|Any CPU
		{9051D867-C7BF-418E-A83A-931544879B95}.Debug|Any CPU.Build.0 = Debug|Any CPU
		{9051D867-C7BF-418E-A83A-931544879B95}.Release|Any CPU.ActiveCfg = Release|Any CPU
		{9051D867-C7BF-418E-A83A-931544879B95}.Release|Any CPU.Build.0 = Release|Any CPU
	EndGlobalSection
	GlobalSection(SolutionProperties) = preSolution
		HideSolutionNode = FALSE
	EndGlobalSection
	GlobalSection(ExtensibilityGlobals) = postSolution
		SolutionGuid = {608C0910-1C57-4769-83CA-96F5EE978AAF}
	EndGlobalSection
EndGlobal
