
Microsoft Visual Studio Solution File, Format Version 12.00
# Visual Studio 15
VisualStudioVersion = 15.0.28307.421
MinimumVisualStudioVersion = 10.0.40219.1
Project("{FAE04EC0-301F-11D3-BF4B-00C04F79EFBC}") = "07-Modules", "07-Modules\07-Modules.csproj", "{B022B945-6DC6-4F91-B475-29795C7C62E6}"
EndProject
Global
	GlobalSection(SolutionConfigurationPlatforms) = preSolution
		Debug|Any CPU = Debug|Any CPU
		Release|Any CPU = Release|Any CPU
	EndGlobalSection
	GlobalSection(ProjectConfigurationPlatforms) = postSolution
		{B022B945-6DC6-4F91-B475-29795C7C62E6}.Debug|Any CPU.ActiveCfg = Debug|Any CPU
		{B022B945-6DC6-4F91-B475-29795C7C62E6}.Debug|Any CPU.Build.0 = Debug|Any CPU
		{B022B945-6DC6-4F91-B475-29795C7C62E6}.Release|Any CPU.ActiveCfg = Release|Any CPU
		{B022B945-6DC6-4F91-B475-29795C7C62E6}.Release|Any CPU.Build.0 = Release|Any CPU
	EndGlobalSection
	GlobalSection(SolutionProperties) = preSolution
		HideSolutionNode = FALSE
	EndGlobalSection
	GlobalSection(ExtensibilityGlobals) = postSolution
		SolutionGuid = {FDA84459-C038-4287-9766-84925E4773FD}
	EndGlobalSection
EndGlobal
