
Microsoft Visual Studio Solution File, Format Version 12.00
# Visual Studio 15
VisualStudioVersion = 15.0.28307.421
MinimumVisualStudioVersion = 10.0.40219.1
Project("{FAE04EC0-301F-11D3-BF4B-00C04F79EFBC}") = "ChangeConvention", "ChangeConvention\ChangeConvention.csproj", "{41C48D8F-6330-487E-A379-99308526A90A}"
EndProject
Global
	GlobalSection(SolutionConfigurationPlatforms) = preSolution
		Debug|Any CPU = Debug|Any CPU
		Release|Any CPU = Release|Any CPU
	EndGlobalSection
	GlobalSection(ProjectConfigurationPlatforms) = postSolution
		{41C48D8F-6330-487E-A379-99308526A90A}.Debug|Any CPU.ActiveCfg = Debug|Any CPU
		{41C48D8F-6330-487E-A379-99308526A90A}.Debug|Any CPU.Build.0 = Debug|Any CPU
		{41C48D8F-6330-487E-A379-99308526A90A}.Release|Any CPU.ActiveCfg = Release|Any CPU
		{41C48D8F-6330-487E-A379-99308526A90A}.Release|Any CPU.Build.0 = Release|Any CPU
	EndGlobalSection
	GlobalSection(SolutionProperties) = preSolution
		HideSolutionNode = FALSE
	EndGlobalSection
	GlobalSection(ExtensibilityGlobals) = postSolution
		SolutionGuid = {25CD2823-C5C0-4663-B539-5B4CBDCE498D}
	EndGlobalSection
EndGlobal
