
Microsoft Visual Studio Solution File, Format Version 12.00
# Visual Studio 15
VisualStudioVersion = 15.0.28307.421
MinimumVisualStudioVersion = 10.0.40219.1
Project("{FAE04EC0-301F-11D3-BF4B-00C04F79EFBC}") = "HowToPrismModules", "HowToPrismModules\HowToPrismModules.csproj", "{533F3E57-E383-48D1-902D-9A9A7FFD79CA}"
EndProject
Global
	GlobalSection(SolutionConfigurationPlatforms) = preSolution
		Debug|Any CPU = Debug|Any CPU
		Release|Any CPU = Release|Any CPU
	EndGlobalSection
	GlobalSection(ProjectConfigurationPlatforms) = postSolution
		{533F3E57-E383-48D1-902D-9A9A7FFD79CA}.Debug|Any CPU.ActiveCfg = Debug|Any CPU
		{533F3E57-E383-48D1-902D-9A9A7FFD79CA}.Debug|Any CPU.Build.0 = Debug|Any CPU
		{533F3E57-E383-48D1-902D-9A9A7FFD79CA}.Release|Any CPU.ActiveCfg = Release|Any CPU
		{533F3E57-E383-48D1-902D-9A9A7FFD79CA}.Release|Any CPU.Build.0 = Release|Any CPU
	EndGlobalSection
	GlobalSection(SolutionProperties) = preSolution
		HideSolutionNode = FALSE
	EndGlobalSection
	GlobalSection(ExtensibilityGlobals) = postSolution
		SolutionGuid = {2129056A-5DE9-466D-88B2-E5B169DB6BCC}
	EndGlobalSection
EndGlobal
